
Microsoft Visual Studio Solution File, Format Version 12.00
# Visual Studio Version 16
VisualStudioVersion = 16.0.31702.278
MinimumVisualStudioVersion = 10.0.40219.1
Project("{FAE04EC0-301F-11D3-BF4B-00C04F79EFBC}") = "XamarinTestApp.Android", "XamarinTestApp\XamarinTestApp.Android\XamarinTestApp.Android.csproj", "{C00B9DBB-F1F9-46D1-BE3B-1467DF4B6327}"
EndProject
Project("{FAE04EC0-301F-11D3-BF4B-00C04F79EFBC}") = "XamarinTestApp", "XamarinTestApp\XamarinTestApp\XamarinTestApp.csproj", "{BB32D369-8958-4D53-BB32-4695460008B1}"
EndProject
Global
	GlobalSection(SolutionConfigurationPlatforms) = preSolution
		Debug|Any CPU = Debug|Any CPU
		Release|Any CPU = Release|Any CPU
	EndGlobalSection
	GlobalSection(ProjectConfigurationPlatforms) = postSolution
		{C00B9DBB-F1F9-46D1-BE3B-1467DF4B6327}.Debug|Any CPU.ActiveCfg = Debug|Any CPU
		{C00B9DBB-F1F9-46D1-BE3B-1467DF4B6327}.Debug|Any CPU.Build.0 = Debug|Any CPU
		{C00B9DBB-F1F9-46D1-BE3B-1467DF4B6327}.Debug|Any CPU.Deploy.0 = Debug|Any CPU
		{C00B9DBB-F1F9-46D1-BE3B-1467DF4B6327}.Release|Any CPU.ActiveCfg = Release|Any CPU
		{C00B9DBB-F1F9-46D1-BE3B-1467DF4B6327}.Release|Any CPU.Build.0 = Release|Any CPU
		{C00B9DBB-F1F9-46D1-BE3B-1467DF4B6327}.Release|Any CPU.Deploy.0 = Release|Any CPU
		{BB32D369-8958-4D53-BB32-4695460008B1}.Debug|Any CPU.ActiveCfg = Debug|Any CPU
		{BB32D369-8958-4D53-BB32-4695460008B1}.Debug|Any CPU.Build.0 = Debug|Any CPU
		{BB32D369-8958-4D53-BB32-4695460008B1}.Debug|Any CPU.Deploy.0 = Debug|Any CPU
		{BB32D369-8958-4D53-BB32-4695460008B1}.Release|Any CPU.ActiveCfg = Release|Any CPU
		{BB32D369-8958-4D53-BB32-4695460008B1}.Release|Any CPU.Build.0 = Release|Any CPU
		{BB32D369-8958-4D53-BB32-4695460008B1}.Release|Any CPU.Deploy.0 = Release|Any CPU
	EndGlobalSection
	GlobalSection(SolutionProperties) = preSolution
		HideSolutionNode = FALSE
	EndGlobalSection
	GlobalSection(ExtensibilityGlobals) = postSolution
		SolutionGuid = {DABEBF1C-0329-49BF-BC8D-BBE9D58794DA}
	EndGlobalSection
EndGlobal
